
Microsoft Visual Studio Solution File, Format Version 12.00
# Visual Studio Version 17
VisualStudioVersion = 17.0.32014.148
MinimumVisualStudioVersion = 10.0.40219.1
Project("{9A19103F-16F7-4668-BE54-9A1E7A4F7556}") = "ApiAlmoxarifado", "ApiAlmoxarifado\ApiAlmoxarifado.csproj", "{2D86C27F-6D43-4FEE-9831-617C638BA182}"
EndProject
Project("{9A19103F-16F7-4668-BE54-9A1E7A4F7556}") = "AppAlmoxarifado", "AppAlmoxarifado\AppAlmoxarifado.csproj", "{FF1D3F6C-392B-43F1-8FA5-64C7EBD554A0}"
EndProject
Project("{9A19103F-16F7-4668-BE54-9A1E7A4F7556}") = "Almoxarifado", "Almoxarifado\Almoxarifado.csproj", "{0D5BC5CD-34CF-4978-8707-835FBBAD962E}"
EndProject
Project("{9A19103F-16F7-4668-BE54-9A1E7A4F7556}") = "AlmoxarifadoRepositories", "AlmoxarifadoRepositories\AlmoxarifadoRepositories.csproj", "{ED52BEDE-4520-45D3-8521-49175A274D9B}"
EndProject
Project("{9A19103F-16F7-4668-BE54-9A1E7A4F7556}") = "AlmoxarifadoService", "AlmoxarifadoService\AlmoxarifadoService.csproj", "{AEFEF4B1-E296-4E96-BD96-CE6C656525BA}"
EndProject
Global
	GlobalSection(SolutionConfigurationPlatforms) = preSolution
		Debug|Any CPU = Debug|Any CPU
		Release|Any CPU = Release|Any CPU
	EndGlobalSection
	GlobalSection(ProjectConfigurationPlatforms) = postSolution
		{2D86C27F-6D43-4FEE-9831-617C638BA182}.Debug|Any CPU.ActiveCfg = Debug|Any CPU
		{2D86C27F-6D43-4FEE-9831-617C638BA182}.Debug|Any CPU.Build.0 = Debug|Any CPU
		{2D86C27F-6D43-4FEE-9831-617C638BA182}.Release|Any CPU.ActiveCfg = Debug|Any CPU
		{2D86C27F-6D43-4FEE-9831-617C638BA182}.Release|Any CPU.Build.0 = Debug|Any CPU
		{FF1D3F6C-392B-43F1-8FA5-64C7EBD554A0}.Debug|Any CPU.ActiveCfg = Debug|Any CPU
		{FF1D3F6C-392B-43F1-8FA5-64C7EBD554A0}.Debug|Any CPU.Build.0 = Debug|Any CPU
		{FF1D3F6C-392B-43F1-8FA5-64C7EBD554A0}.Release|Any CPU.ActiveCfg = Debug|Any CPU
		{FF1D3F6C-392B-43F1-8FA5-64C7EBD554A0}.Release|Any CPU.Build.0 = Debug|Any CPU
		{0D5BC5CD-34CF-4978-8707-835FBBAD962E}.Debug|Any CPU.ActiveCfg = Debug|Any CPU
		{0D5BC5CD-34CF-4978-8707-835FBBAD962E}.Debug|Any CPU.Build.0 = Debug|Any CPU
		{0D5BC5CD-34CF-4978-8707-835FBBAD962E}.Release|Any CPU.ActiveCfg = Release|Any CPU
		{0D5BC5CD-34CF-4978-8707-835FBBAD962E}.Release|Any CPU.Build.0 = Release|Any CPU
		{ED52BEDE-4520-45D3-8521-49175A274D9B}.Debug|Any CPU.ActiveCfg = Debug|Any CPU
		{ED52BEDE-4520-45D3-8521-49175A274D9B}.Debug|Any CPU.Build.0 = Debug|Any CPU
		{ED52BEDE-4520-45D3-8521-49175A274D9B}.Release|Any CPU.ActiveCfg = Release|Any CPU
		{ED52BEDE-4520-45D3-8521-49175A274D9B}.Release|Any CPU.Build.0 = Release|Any CPU
		{AEFEF4B1-E296-4E96-BD96-CE6C656525BA}.Debug|Any CPU.ActiveCfg = Debug|Any CPU
		{AEFEF4B1-E296-4E96-BD96-CE6C656525BA}.Debug|Any CPU.Build.0 = Debug|Any CPU
		{AEFEF4B1-E296-4E96-BD96-CE6C656525BA}.Release|Any CPU.ActiveCfg = Release|Any CPU
		{AEFEF4B1-E296-4E96-BD96-CE6C656525BA}.Release|Any CPU.Build.0 = Release|Any CPU
	EndGlobalSection
	GlobalSection(SolutionProperties) = preSolution
		HideSolutionNode = FALSE
	EndGlobalSection
	GlobalSection(ExtensibilityGlobals) = postSolution
		SolutionGuid = {E3B3BBC1-FA07-4E41-B2E5-A3B1EDBA1865}
	EndGlobalSection
EndGlobal
